<?xml version="1.0" encoding="UTF-8"?>
<!DOCTYPE plist PUBLIC "-//Apple//DTD PLIST 1.0//EN" "http://www.apple.com/DTDs/PropertyList-1.0.dtd">
<plist version="1.0">
<dict>
	<key>archiveVersion</key>
	<string>1</string>
	<key>classes</key>
	<dict/>
	<key>objectVersion</key>
	<string>46</string>
	<key>objects</key>
	<dict>
		<key>033E6FE2E941C5138D1ED85C</key>
		<dict>
			<key>fileRef</key>
			<string>35F3B0CCB091F10445D9FD45</string>
			<key>isa</key>
			<string>PBXBuildFile</string>
		</dict>
		<key>18B74DF060E1B6CD1F699BD3</key>
		<dict>
			<key>includeInIndex</key>
			<string>1</string>
			<key>isa</key>
			<string>PBXFileReference</string>
			<key>lastKnownFileType</key>
			<string>text.xcconfig</string>
			<key>name</key>
			<string>Pods.debug.xcconfig</string>
			<key>path</key>
			<string>Pods/Target Support Files/Pods/Pods.debug.xcconfig</string>
			<key>sourceTree</key>
			<string>&lt;group&gt;</string>
		</dict>
		<key>31B27430F773835808DB831D</key>
		<dict>
			<key>children</key>
			<array>
				<string>18B74DF060E1B6CD1F699BD3</string>
				<string>57521ECE694FEC9DCFD8BCCF</string>
			</array>
			<key>isa</key>
			<string>PBXGroup</string>
			<key>name</key>
			<string>Pods</string>
			<key>sourceTree</key>
			<string>&lt;group&gt;</string>
		</dict>
		<key>35F3B0CCB091F10445D9FD45</key>
		<dict>
			<key>explicitFileType</key>
			<string>archive.ar</string>
			<key>includeInIndex</key>
			<string>0</string>
			<key>isa</key>
			<string>PBXFileReference</string>
			<key>path</key>
			<string>libPods.a</string>
			<key>sourceTree</key>
			<string>BUILT_PRODUCTS_DIR</string>
		</dict>
		<key>52E74BE91E8A391800363177</key>
		<dict>
			<key>fileEncoding</key>
			<string>4</string>
			<key>isa</key>
			<string>PBXFileReference</string>
			<key>lastKnownFileType</key>
			<string>sourcecode.c.h</string>
			<key>path</key>
			<string>RACSignalViewController.h</string>
			<key>sourceTree</key>
			<string>&lt;group&gt;</string>
		</dict>
		<key>52E74BEA1E8A391800363177</key>
		<dict>
			<key>fileEncoding</key>
			<string>4</string>
			<key>isa</key>
			<string>PBXFileReference</string>
			<key>lastKnownFileType</key>
			<string>sourcecode.c.objc</string>
			<key>path</key>
			<string>RACSignalViewController.m</string>
			<key>sourceTree</key>
			<string>&lt;group&gt;</string>
		</dict>
		<key>52E74BEB1E8A391800363177</key>
		<dict>
			<key>fileRef</key>
			<string>52E74BEA1E8A391800363177</string>
			<key>isa</key>
			<string>PBXBuildFile</string>
		</dict>
		<key>57521ECE694FEC9DCFD8BCCF</key>
		<dict>
			<key>includeInIndex</key>
			<string>1</string>
			<key>isa</key>
			<string>PBXFileReference</string>
			<key>lastKnownFileType</key>
			<string>text.xcconfig</string>
			<key>name</key>
			<string>Pods.release.xcconfig</string>
			<key>path</key>
			<string>Pods/Target Support Files/Pods/Pods.release.xcconfig</string>
			<key>sourceTree</key>
			<string>&lt;group&gt;</string>
		</dict>
		<key>69456BE1F3094C123BDC6BB8</key>
		<dict>
			<key>buildActionMask</key>
			<string>2147483647</string>
			<key>files</key>
			<array/>
			<key>inputPaths</key>
			<array/>
			<key>isa</key>
			<string>PBXShellScriptBuildPhase</string>
			<key>name</key>
			<string>Copy Pods Resources</string>
			<key>outputPaths</key>
			<array/>
			<key>runOnlyForDeploymentPostprocessing</key>
			<string>0</string>
			<key>shellPath</key>
			<string>/bin/sh</string>
			<key>shellScript</key>
			<string>"${SRCROOT}/Pods/Target Support Files/Pods/Pods-resources.sh"
</string>
			<key>showEnvVarsInLog</key>
			<string>0</string>
		</dict>
		<key>75ACB2733ACE71B448A71DE5</key>
		<dict>
			<key>children</key>
			<array>
				<string>F427E6F21BCBA6DF00C02FDB</string>
				<string>F4CB29751BCB99970031CA4E</string>
				<string>F4CB29731BCB99930031CA4E</string>
				<string>F4CB29711BCB97FB0031CA4E</string>
				<string>35F3B0CCB091F10445D9FD45</string>
			</array>
			<key>isa</key>
			<string>PBXGroup</string>
			<key>name</key>
			<string>Frameworks</string>
			<key>sourceTree</key>
			<string>&lt;group&gt;</string>
		</dict>
		<key>B3FC79FB24B72C40890FBA5A</key>
		<dict>
			<key>buildActionMask</key>
			<string>2147483647</string>
			<key>files</key>
			<array/>
			<key>inputPaths</key>
			<array/>
			<key>isa</key>
			<string>PBXShellScriptBuildPhase</string>
			<key>name</key>
			<string>Embed Pods Frameworks</string>
			<key>outputPaths</key>
			<array/>
			<key>runOnlyForDeploymentPostprocessing</key>
			<string>0</string>
			<key>shellPath</key>
			<string>/bin/sh</string>
			<key>shellScript</key>
			<string>"${SRCROOT}/Pods/Target Support Files/Pods/Pods-frameworks.sh"
</string>
			<key>showEnvVarsInLog</key>
			<string>0</string>
		</dict>
		<key>B673A8EA46A1AF9E67173D10</key>
		<dict>
			<key>buildActionMask</key>
			<string>2147483647</string>
			<key>files</key>
			<array/>
			<key>inputPaths</key>
			<array/>
			<key>isa</key>
			<string>PBXShellScriptBuildPhase</string>
			<key>name</key>
			<string>Check Pods Manifest.lock</string>
			<key>outputPaths</key>
			<array/>
			<key>runOnlyForDeploymentPostprocessing</key>
			<string>0</string>
			<key>shellPath</key>
			<string>/bin/sh</string>
			<key>shellScript</key>
			<string>diff "${PODS_ROOT}/../Podfile.lock" "${PODS_ROOT}/Manifest.lock" &gt; /dev/null
if [[ $? != 0 ]] ; then
    cat &lt;&lt; EOM
error: The sandbox is not in sync with the Podfile.lock. Run 'pod install' or update your CocoaPods installation.
EOM
    exit 1
fi
</string>
			<key>showEnvVarsInLog</key>
			<string>0</string>
		</dict>
		<key>F413F8581BD49BA000053EB6</key>
		<dict>
			<key>children</key>
			<array>
				<string>F413F85A1BD49BEC00053EB6</string>
				<string>F413F85B1BD49BEC00053EB6</string>
			</array>
			<key>isa</key>
			<string>PBXGroup</string>
			<key>name</key>
			<string>ViewModel</string>
			<key>sourceTree</key>
			<string>&lt;group&gt;</string>
		</dict>
		<key>F413F8591BD49BB000053EB6</key>
		<dict>
			<key>children</key>
			<array>
				<string>F48015C41BCB854D0065ABA3</string>
				<string>F48015C51BCB854D0065ABA3</string>
				<string>52E74BE91E8A391800363177</string>
				<string>52E74BEA1E8A391800363177</string>
				<string>F4CE1F2B1BEC6141009475C5</string>
				<string>F4CE1F2C1BEC6141009475C5</string>
			</array>
			<key>isa</key>
			<string>PBXGroup</string>
			<key>name</key>
			<string>ViewController</string>
			<key>sourceTree</key>
			<string>&lt;group&gt;</string>
		</dict>
		<key>F413F85A1BD49BEC00053EB6</key>
		<dict>
			<key>fileEncoding</key>
			<string>4</string>
			<key>isa</key>
			<string>PBXFileReference</string>
			<key>lastKnownFileType</key>
			<string>sourcecode.c.h</string>
			<key>path</key>
			<string>VCViewModel.h</string>
			<key>sourceTree</key>
			<string>&lt;group&gt;</string>
		</dict>
		<key>F413F85B1BD49BEC00053EB6</key>
		<dict>
			<key>fileEncoding</key>
			<string>4</string>
			<key>isa</key>
			<string>PBXFileReference</string>
			<key>lastKnownFileType</key>
			<string>sourcecode.c.objc</string>
			<key>path</key>
			<string>VCViewModel.m</string>
			<key>sourceTree</key>
			<string>&lt;group&gt;</string>
		</dict>
		<key>F413F85C1BD49BEC00053EB6</key>
		<dict>
			<key>fileRef</key>
			<string>F413F85B1BD49BEC00053EB6</string>
			<key>isa</key>
			<string>PBXBuildFile</string>
		</dict>
		<key>F427E6F21BCBA6DF00C02FDB</key>
		<dict>
			<key>isa</key>
			<string>PBXFileReference</string>
			<key>lastKnownFileType</key>
			<string>archive.ar</string>
			<key>name</key>
			<string>libReactiveCocoa.a</string>
			<key>path</key>
			<string>Pods/../build/Debug-iphoneos/libReactiveCocoa.a</string>
			<key>sourceTree</key>
			<string>&lt;group&gt;</string>
		</dict>
		<key>F427E6F31BCBA6DF00C02FDB</key>
		<dict>
			<key>fileRef</key>
			<string>F427E6F21BCBA6DF00C02FDB</string>
			<key>isa</key>
			<string>PBXBuildFile</string>
		</dict>
		<key>F427E6F41BCBA74400C02FDB</key>
		<dict>
			<key>children</key>
			<array>
				<string>F427E6F51BCBA76300C02FDB</string>
				<string>F427E6F61BCBACBC00C02FDB</string>
			</array>
			<key>isa</key>
			<string>PBXGroup</string>
			<key>path</key>
			<string>Config</string>
			<key>sourceTree</key>
			<string>&lt;group&gt;</string>
		</dict>
		<key>F427E6F51BCBA76300C02FDB</key>
		<dict>
			<key>isa</key>
			<string>PBXFileReference</string>
			<key>lastKnownFileType</key>
			<string>sourcecode.c.h</string>
			<key>path</key>
			<string>PrefixHeader.pch</string>
			<key>sourceTree</key>
			<string>&lt;group&gt;</string>
		</dict>
		<key>F427E6F61BCBACBC00C02FDB</key>
		<dict>
			<key>isa</key>
			<string>PBXFileReference</string>
			<key>lastKnownFileType</key>
			<string>sourcecode.c.h</string>
			<key>path</key>
			<string>Config.h</string>
			<key>sourceTree</key>
			<string>&lt;group&gt;</string>
		</dict>
		<key>F48015B21BCB854D0065ABA3</key>
		<dict>
			<key>children</key>
			<array>
				<string>F48015BD1BCB854D0065ABA3</string>
				<string>F48015D71BCB854D0065ABA3</string>
				<string>F48015E21BCB854D0065ABA3</string>
				<string>F48015BC1BCB854D0065ABA3</string>
				<string>31B27430F773835808DB831D</string>
				<string>75ACB2733ACE71B448A71DE5</string>
			</array>
			<key>isa</key>
			<string>PBXGroup</string>
			<key>sourceTree</key>
			<string>&lt;group&gt;</string>
		</dict>
		<key>F48015B31BCB854D0065ABA3</key>
		<dict>
			<key>attributes</key>
			<dict>
				<key>LastUpgradeCheck</key>
				<string>0700</string>
				<key>ORGANIZATIONNAME</key>
				<string>ZeluLi</string>
				<key>TargetAttributes</key>
				<dict>
					<key>F48015BA1BCB854D0065ABA3</key>
					<dict>
						<key>CreatedOnToolsVersion</key>
						<string>7.0</string>
					</dict>
					<key>F48015D31BCB854D0065ABA3</key>
					<dict>
						<key>CreatedOnToolsVersion</key>
						<string>7.0</string>
						<key>TestTargetID</key>
						<string>F48015BA1BCB854D0065ABA3</string>
					</dict>
					<key>F48015DE1BCB854D0065ABA3</key>
					<dict>
						<key>CreatedOnToolsVersion</key>
						<string>7.0</string>
						<key>TestTargetID</key>
						<string>F48015BA1BCB854D0065ABA3</string>
					</dict>
				</dict>
			</dict>
			<key>buildConfigurationList</key>
			<string>F48015B61BCB854D0065ABA3</string>
			<key>compatibilityVersion</key>
			<string>Xcode 3.2</string>
			<key>developmentRegion</key>
			<string>English</string>
			<key>hasScannedForEncodings</key>
			<string>0</string>
			<key>isa</key>
			<string>PBXProject</string>
			<key>knownRegions</key>
			<array>
				<string>en</string>
				<string>Base</string>
			</array>
			<key>mainGroup</key>
			<string>F48015B21BCB854D0065ABA3</string>
			<key>productRefGroup</key>
			<string>F48015BC1BCB854D0065ABA3</string>
			<key>projectDirPath</key>
			<string></string>
			<key>projectReferences</key>
			<array/>
			<key>projectRoot</key>
			<string></string>
			<key>targets</key>
			<array>
				<string>F48015BA1BCB854D0065ABA3</string>
				<string>F48015D31BCB854D0065ABA3</string>
				<string>F48015DE1BCB854D0065ABA3</string>
			</array>
		</dict>
		<key>F48015B61BCB854D0065ABA3</key>
		<dict>
			<key>buildConfigurations</key>
			<array>
				<string>F48015E61BCB854D0065ABA3</string>
				<string>F48015E71BCB854D0065ABA3</string>
			</array>
			<key>defaultConfigurationIsVisible</key>
			<string>0</string>
			<key>defaultConfigurationName</key>
			<string>Release</string>
			<key>isa</key>
			<string>XCConfigurationList</string>
		</dict>
		<key>F48015B71BCB854D0065ABA3</key>
		<dict>
			<key>buildActionMask</key>
			<string>2147483647</string>
			<key>files</key>
			<array>
				<string>F48015C61BCB854D0065ABA3</string>
				<string>52E74BEB1E8A391800363177</string>
				<string>F48015C31BCB854D0065ABA3</string>
				<string>F4CE1F2D1BEC6141009475C5</string>
				<string>F48015C01BCB854D0065ABA3</string>
				<string>F413F85C1BD49BEC00053EB6</string>
			</array>
			<key>isa</key>
			<string>PBXSourcesBuildPhase</string>
			<key>runOnlyForDeploymentPostprocessing</key>
			<string>0</string>
		</dict>
		<key>F48015B81BCB854D0065ABA3</key>
		<dict>
			<key>buildActionMask</key>
			<string>2147483647</string>
			<key>files</key>
			<array>
				<string>F427E6F31BCBA6DF00C02FDB</string>
				<string>033E6FE2E941C5138D1ED85C</string>
			</array>
			<key>isa</key>
			<string>PBXFrameworksBuildPhase</string>
			<key>runOnlyForDeploymentPostprocessing</key>
			<string>0</string>
		</dict>
		<key>F48015B91BCB854D0065ABA3</key>
		<dict>
			<key>buildActionMask</key>
			<string>2147483647</string>
			<key>files</key>
			<array>
				<string>F48015CE1BCB854D0065ABA3</string>
				<string>F48015CB1BCB854D0065ABA3</string>
				<string>F4CE1F2A1BEC5ABE009475C5</string>
				<string>F48015C91BCB854D0065ABA3</string>
				<string>F4CE1F291BEC5ABE009475C5</string>
			</array>
			<key>isa</key>
			<string>PBXResourcesBuildPhase</string>
			<key>runOnlyForDeploymentPostprocessing</key>
			<string>0</string>
		</dict>
		<key>F48015BA1BCB854D0065ABA3</key>
		<dict>
			<key>buildConfigurationList</key>
			<string>F48015E81BCB854D0065ABA3</string>
			<key>buildPhases</key>
			<array>
				<string>B673A8EA46A1AF9E67173D10</string>
				<string>F48015B71BCB854D0065ABA3</string>
				<string>F48015B81BCB854D0065ABA3</string>
				<string>F48015B91BCB854D0065ABA3</string>
				<string>69456BE1F3094C123BDC6BB8</string>
				<string>B3FC79FB24B72C40890FBA5A</string>
			</array>
			<key>buildRules</key>
			<array/>
			<key>dependencies</key>
			<array/>
			<key>isa</key>
			<string>PBXNativeTarget</string>
			<key>name</key>
			<string>ReactiveCocoaDemo</string>
			<key>productName</key>
			<string>ReactiveCocoaDemo</string>
			<key>productReference</key>
			<string>F48015BB1BCB854D0065ABA3</string>
			<key>productType</key>
			<string>com.apple.product-type.application</string>
		</dict>
		<key>F48015BB1BCB854D0065ABA3</key>
		<dict>
			<key>explicitFileType</key>
			<string>wrapper.application</string>
			<key>includeInIndex</key>
			<string>0</string>
			<key>isa</key>
			<string>PBXFileReference</string>
			<key>path</key>
			<string>ReactiveCocoaDemo.app</string>
			<key>sourceTree</key>
			<string>BUILT_PRODUCTS_DIR</string>
		</dict>
		<key>F48015BC1BCB854D0065ABA3</key>
		<dict>
			<key>children</key>
			<array>
				<string>F48015BB1BCB854D0065ABA3</string>
				<string>F48015D41BCB854D0065ABA3</string>
				<string>F48015DF1BCB854D0065ABA3</string>
			</array>
			<key>isa</key>
			<string>PBXGroup</string>
			<key>name</key>
			<string>Products</string>
			<key>sourceTree</key>
			<string>&lt;group&gt;</string>
		</dict>
		<key>F48015BD1BCB854D0065ABA3</key>
		<dict>
			<key>children</key>
			<array>
				<string>F4CE1F261BEC55E6009475C5</string>
				<string>F413F8591BD49BB000053EB6</string>
				<string>F413F8581BD49BA000053EB6</string>
				<string>F427E6F41BCBA74400C02FDB</string>
				<string>F48015C11BCB854D0065ABA3</string>
				<string>F48015C21BCB854D0065ABA3</string>
				<string>F48015C71BCB854D0065ABA3</string>
				<string>F48015CA1BCB854D0065ABA3</string>
				<string>F48015CC1BCB854D0065ABA3</string>
				<string>F48015CF1BCB854D0065ABA3</string>
				<string>F48015BE1BCB854D0065ABA3</string>
			</array>
			<key>isa</key>
			<string>PBXGroup</string>
			<key>path</key>
			<string>ReactiveCocoaDemo</string>
			<key>sourceTree</key>
			<string>&lt;group&gt;</string>
		</dict>
		<key>F48015BE1BCB854D0065ABA3</key>
		<dict>
			<key>children</key>
			<array>
				<string>F48015BF1BCB854D0065ABA3</string>
			</array>
			<key>isa</key>
			<string>PBXGroup</string>
			<key>name</key>
			<string>Supporting Files</string>
			<key>sourceTree</key>
			<string>&lt;group&gt;</string>
		</dict>
		<key>F48015BF1BCB854D0065ABA3</key>
		<dict>
			<key>isa</key>
			<string>PBXFileReference</string>
			<key>lastKnownFileType</key>
			<string>sourcecode.c.objc</string>
			<key>path</key>
			<string>main.m</string>
			<key>sourceTree</key>
			<string>&lt;group&gt;</string>
		</dict>
		<key>F48015C01BCB854D0065ABA3</key>
		<dict>
			<key>fileRef</key>
			<string>F48015BF1BCB854D0065ABA3</string>
			<key>isa</key>
			<string>PBXBuildFile</string>
		</dict>
		<key>F48015C11BCB854D0065ABA3</key>
		<dict>
			<key>isa</key>
			<string>PBXFileReference</string>
			<key>lastKnownFileType</key>
			<string>sourcecode.c.h</string>
			<key>path</key>
			<string>AppDelegate.h</string>
			<key>sourceTree</key>
			<string>&lt;group&gt;</string>
		</dict>
		<key>F48015C21BCB854D0065ABA3</key>
		<dict>
			<key>isa</key>
			<string>PBXFileReference</string>
			<key>lastKnownFileType</key>
			<string>sourcecode.c.objc</string>
			<key>path</key>
			<string>AppDelegate.m</string>
			<key>sourceTree</key>
			<string>&lt;group&gt;</string>
		</dict>
		<key>F48015C31BCB854D0065ABA3</key>
		<dict>
			<key>fileRef</key>
			<string>F48015C21BCB854D0065ABA3</string>
			<key>isa</key>
			<string>PBXBuildFile</string>
		</dict>
		<key>F48015C41BCB854D0065ABA3</key>
		<dict>
			<key>isa</key>
			<string>PBXFileReference</string>
			<key>lastKnownFileType</key>
			<string>sourcecode.c.h</string>
			<key>path</key>
			<string>ViewController.h</string>
			<key>sourceTree</key>
			<string>&lt;group&gt;</string>
		</dict>
		<key>F48015C51BCB854D0065ABA3</key>
		<dict>
			<key>isa</key>
			<string>PBXFileReference</string>
			<key>lastKnownFileType</key>
			<string>sourcecode.c.objc</string>
			<key>path</key>
			<string>ViewController.m</string>
			<key>sourceTree</key>
			<string>&lt;group&gt;</string>
		</dict>
		<key>F48015C61BCB854D0065ABA3</key>
		<dict>
			<key>fileRef</key>
			<string>F48015C51BCB854D0065ABA3</string>
			<key>isa</key>
			<string>PBXBuildFile</string>
		</dict>
		<key>F48015C71BCB854D0065ABA3</key>
		<dict>
			<key>children</key>
			<array>
				<string>F48015C81BCB854D0065ABA3</string>
			</array>
			<key>isa</key>
			<string>PBXVariantGroup</string>
			<key>name</key>
			<string>Main.storyboard</string>
			<key>sourceTree</key>
			<string>&lt;group&gt;</string>
		</dict>
		<key>F48015C81BCB854D0065ABA3</key>
		<dict>
			<key>isa</key>
			<string>PBXFileReference</string>
			<key>lastKnownFileType</key>
			<string>file.storyboard</string>
			<key>name</key>
			<string>Base</string>
			<key>path</key>
			<string>Base.lproj/Main.storyboard</string>
			<key>sourceTree</key>
			<string>&lt;group&gt;</string>
		</dict>
		<key>F48015C91BCB854D0065ABA3</key>
		<dict>
			<key>fileRef</key>
			<string>F48015C71BCB854D0065ABA3</string>
			<key>isa</key>
			<string>PBXBuildFile</string>
		</dict>
		<key>F48015CA1BCB854D0065ABA3</key>
		<dict>
			<key>isa</key>
			<string>PBXFileReference</string>
			<key>lastKnownFileType</key>
			<string>folder.assetcatalog</string>
			<key>path</key>
			<string>Assets.xcassets</string>
			<key>sourceTree</key>
			<string>&lt;group&gt;</string>
		</dict>
		<key>F48015CB1BCB854D0065ABA3</key>
		<dict>
			<key>fileRef</key>
			<string>F48015CA1BCB854D0065ABA3</string>
			<key>isa</key>
			<string>PBXBuildFile</string>
		</dict>
		<key>F48015CC1BCB854D0065ABA3</key>
		<dict>
			<key>children</key>
			<array>
				<string>F48015CD1BCB854D0065ABA3</string>
			</array>
			<key>isa</key>
			<string>PBXVariantGroup</string>
			<key>name</key>
			<string>LaunchScreen.storyboard</string>
			<key>sourceTree</key>
			<string>&lt;group&gt;</string>
		</dict>
		<key>F48015CD1BCB854D0065ABA3</key>
		<dict>
			<key>isa</key>
			<string>PBXFileReference</string>
			<key>lastKnownFileType</key>
			<string>file.storyboard</string>
			<key>name</key>
			<string>Base</string>
			<key>path</key>
			<string>Base.lproj/LaunchScreen.storyboard</string>
			<key>sourceTree</key>
			<string>&lt;group&gt;</string>
		</dict>
		<key>F48015CE1BCB854D0065ABA3</key>
		<dict>
			<key>fileRef</key>
			<string>F48015CC1BCB854D0065ABA3</string>
			<key>isa</key>
			<string>PBXBuildFile</string>
		</dict>
		<key>F48015CF1BCB854D0065ABA3</key>
		<dict>
			<key>isa</key>
			<string>PBXFileReference</string>
			<key>lastKnownFileType</key>
			<string>text.plist.xml</string>
			<key>path</key>
			<string>Info.plist</string>
			<key>sourceTree</key>
			<string>&lt;group&gt;</string>
		</dict>
		<key>F48015D01BCB854D0065ABA3</key>
		<dict>
			<key>buildActionMask</key>
			<string>2147483647</string>
			<key>files</key>
			<array>
				<string>F48015D91BCB854D0065ABA3</string>
			</array>
			<key>isa</key>
			<string>PBXSourcesBuildPhase</string>
			<key>runOnlyForDeploymentPostprocessing</key>
			<string>0</string>
		</dict>
		<key>F48015D11BCB854D0065ABA3</key>
		<dict>
			<key>buildActionMask</key>
			<string>2147483647</string>
			<key>files</key>
			<array/>
			<key>isa</key>
			<string>PBXFrameworksBuildPhase</string>
			<key>runOnlyForDeploymentPostprocessing</key>
			<string>0</string>
		</dict>
		<key>F48015D21BCB854D0065ABA3</key>
		<dict>
			<key>buildActionMask</key>
			<string>2147483647</string>
			<key>files</key>
			<array/>
			<key>isa</key>
			<string>PBXResourcesBuildPhase</string>
			<key>runOnlyForDeploymentPostprocessing</key>
			<string>0</string>
		</dict>
		<key>F48015D31BCB854D0065ABA3</key>
		<dict>
			<key>buildConfigurationList</key>
			<string>F48015EB1BCB854D0065ABA3</string>
			<key>buildPhases</key>
			<array>
				<string>F48015D01BCB854D0065ABA3</string>
				<string>F48015D11BCB854D0065ABA3</string>
				<string>F48015D21BCB854D0065ABA3</string>
			</array>
			<key>buildRules</key>
			<array/>
			<key>dependencies</key>
			<array>
				<string>F48015D61BCB854D0065ABA3</string>
			</array>
			<key>isa</key>
			<string>PBXNativeTarget</string>
			<key>name</key>
			<string>ReactiveCocoaDemoTests</string>
			<key>productName</key>
			<string>ReactiveCocoaDemoTests</string>
			<key>productReference</key>
			<string>F48015D41BCB854D0065ABA3</string>
			<key>productType</key>
			<string>com.apple.product-type.bundle.unit-test</string>
		</dict>
		<key>F48015D41BCB854D0065ABA3</key>
		<dict>
			<key>explicitFileType</key>
			<string>wrapper.cfbundle</string>
			<key>includeInIndex</key>
			<string>0</string>
			<key>isa</key>
			<string>PBXFileReference</string>
			<key>path</key>
			<string>ReactiveCocoaDemoTests.xctest</string>
			<key>sourceTree</key>
			<string>BUILT_PRODUCTS_DIR</string>
		</dict>
		<key>F48015D51BCB854D0065ABA3</key>
		<dict>
			<key>containerPortal</key>
			<string>F48015B31BCB854D0065ABA3</string>
			<key>isa</key>
			<string>PBXContainerItemProxy</string>
			<key>proxyType</key>
			<string>1</string>
			<key>remoteGlobalIDString</key>
			<string>F48015BA1BCB854D0065ABA3</string>
			<key>remoteInfo</key>
			<string>ReactiveCocoaDemo</string>
		</dict>
		<key>F48015D61BCB854D0065ABA3</key>
		<dict>
			<key>isa</key>
			<string>PBXTargetDependency</string>
			<key>target</key>
			<string>F48015BA1BCB854D0065ABA3</string>
			<key>targetProxy</key>
			<string>F48015D51BCB854D0065ABA3</string>
		</dict>
		<key>F48015D71BCB854D0065ABA3</key>
		<dict>
			<key>children</key>
			<array>
				<string>F48015D81BCB854D0065ABA3</string>
				<string>F48015DA1BCB854D0065ABA3</string>
			</array>
			<key>isa</key>
			<string>PBXGroup</string>
			<key>path</key>
			<string>ReactiveCocoaDemoTests</string>
			<key>sourceTree</key>
			<string>&lt;group&gt;</string>
		</dict>
		<key>F48015D81BCB854D0065ABA3</key>
		<dict>
			<key>isa</key>
			<string>PBXFileReference</string>
			<key>lastKnownFileType</key>
			<string>sourcecode.c.objc</string>
			<key>path</key>
			<string>ReactiveCocoaDemoTests.m</string>
			<key>sourceTree</key>
			<string>&lt;group&gt;</string>
		</dict>
		<key>F48015D91BCB854D0065ABA3</key>
		<dict>
			<key>fileRef</key>
			<string>F48015D81BCB854D0065ABA3</string>
			<key>isa</key>
			<string>PBXBuildFile</string>
		</dict>
		<key>F48015DA1BCB854D0065ABA3</key>
		<dict>
			<key>isa</key>
			<string>PBXFileReference</string>
			<key>lastKnownFileType</key>
			<string>text.plist.xml</string>
			<key>path</key>
			<string>Info.plist</string>
			<key>sourceTree</key>
			<string>&lt;group&gt;</string>
		</dict>
		<key>F48015DB1BCB854D0065ABA3</key>
		<dict>
			<key>buildActionMask</key>
			<string>2147483647</string>
			<key>files</key>
			<array>
				<string>F48015E41BCB854D0065ABA3</string>
			</array>
			<key>isa</key>
			<string>PBXSourcesBuildPhase</string>
			<key>runOnlyForDeploymentPostprocessing</key>
			<string>0</string>
		</dict>
		<key>F48015DC1BCB854D0065ABA3</key>
		<dict>
			<key>buildActionMask</key>
			<string>2147483647</string>
			<key>files</key>
			<array/>
			<key>isa</key>
			<string>PBXFrameworksBuildPhase</string>
			<key>runOnlyForDeploymentPostprocessing</key>
			<string>0</string>
		</dict>
		<key>F48015DD1BCB854D0065ABA3</key>
		<dict>
			<key>buildActionMask</key>
			<string>2147483647</string>
			<key>files</key>
			<array/>
			<key>isa</key>
			<string>PBXResourcesBuildPhase</string>
			<key>runOnlyForDeploymentPostprocessing</key>
			<string>0</string>
		</dict>
		<key>F48015DE1BCB854D0065ABA3</key>
		<dict>
			<key>buildConfigurationList</key>
			<string>F48015EE1BCB854D0065ABA3</string>
			<key>buildPhases</key>
			<array>
				<string>F48015DB1BCB854D0065ABA3</string>
				<string>F48015DC1BCB854D0065ABA3</string>
				<string>F48015DD1BCB854D0065ABA3</string>
			</array>
			<key>buildRules</key>
			<array/>
			<key>dependencies</key>
			<array>
				<string>F48015E11BCB854D0065ABA3</string>
			</array>
			<key>isa</key>
			<string>PBXNativeTarget</string>
			<key>name</key>
			<string>ReactiveCocoaDemoUITests</string>
			<key>productName</key>
			<string>ReactiveCocoaDemoUITests</string>
			<key>productReference</key>
			<string>F48015DF1BCB854D0065ABA3</string>
			<key>productType</key>
			<string>com.apple.product-type.bundle.ui-testing</string>
		</dict>
		<key>F48015DF1BCB854D0065ABA3</key>
		<dict>
			<key>explicitFileType</key>
			<string>wrapper.cfbundle</string>
			<key>includeInIndex</key>
			<string>0</string>
			<key>isa</key>
			<string>PBXFileReference</string>
			<key>path</key>
			<string>ReactiveCocoaDemoUITests.xctest</string>
			<key>sourceTree</key>
			<string>BUILT_PRODUCTS_DIR</string>
		</dict>
		<key>F48015E01BCB854D0065ABA3</key>
		<dict>
			<key>containerPortal</key>
			<string>F48015B31BCB854D0065ABA3</string>
			<key>isa</key>
			<string>PBXContainerItemProxy</string>
			<key>proxyType</key>
			<string>1</string>
			<key>remoteGlobalIDString</key>
			<string>F48015BA1BCB854D0065ABA3</string>
			<key>remoteInfo</key>
			<string>ReactiveCocoaDemo</string>
		</dict>
		<key>F48015E11BCB854D0065ABA3</key>
		<dict>
			<key>isa</key>
			<string>PBXTargetDependency</string>
			<key>target</key>
			<string>F48015BA1BCB854D0065ABA3</string>
			<key>targetProxy</key>
			<string>F48015E01BCB854D0065ABA3</string>
		</dict>
		<key>F48015E21BCB854D0065ABA3</key>
		<dict>
			<key>children</key>
			<array>
				<string>F48015E31BCB854D0065ABA3</string>
				<string>F48015E51BCB854D0065ABA3</string>
			</array>
			<key>isa</key>
			<string>PBXGroup</string>
			<key>path</key>
			<string>ReactiveCocoaDemoUITests</string>
			<key>sourceTree</key>
			<string>&lt;group&gt;</string>
		</dict>
		<key>F48015E31BCB854D0065ABA3</key>
		<dict>
			<key>isa</key>
			<string>PBXFileReference</string>
			<key>lastKnownFileType</key>
			<string>sourcecode.c.objc</string>
			<key>path</key>
			<string>ReactiveCocoaDemoUITests.m</string>
			<key>sourceTree</key>
			<string>&lt;group&gt;</string>
		</dict>
		<key>F48015E41BCB854D0065ABA3</key>
		<dict>
			<key>fileRef</key>
			<string>F48015E31BCB854D0065ABA3</string>
			<key>isa</key>
			<string>PBXBuildFile</string>
		</dict>
		<key>F48015E51BCB854D0065ABA3</key>
		<dict>
			<key>isa</key>
			<string>PBXFileReference</string>
			<key>lastKnownFileType</key>
			<string>text.plist.xml</string>
			<key>path</key>
			<string>Info.plist</string>
			<key>sourceTree</key>
			<string>&lt;group&gt;</string>
		</dict>
		<key>F48015E61BCB854D0065ABA3</key>
		<dict>
			<key>buildSettings</key>
			<dict>
				<key>ALWAYS_SEARCH_USER_PATHS</key>
				<string>NO</string>
				<key>CLANG_CXX_LANGUAGE_STANDARD</key>
				<string>gnu++0x</string>
				<key>CLANG_CXX_LIBRARY</key>
				<string>libc++</string>
				<key>CLANG_ENABLE_MODULES</key>
				<string>YES</string>
				<key>CLANG_ENABLE_OBJC_ARC</key>
				<string>YES</string>
				<key>CLANG_WARN_BOOL_CONVERSION</key>
				<string>YES</string>
				<key>CLANG_WARN_CONSTANT_CONVERSION</key>
				<string>YES</string>
				<key>CLANG_WARN_DIRECT_OBJC_ISA_USAGE</key>
				<string>YES_ERROR</string>
				<key>CLANG_WARN_EMPTY_BODY</key>
				<string>YES</string>
				<key>CLANG_WARN_ENUM_CONVERSION</key>
				<string>YES</string>
				<key>CLANG_WARN_INT_CONVERSION</key>
				<string>YES</string>
				<key>CLANG_WARN_OBJC_ROOT_CLASS</key>
				<string>YES_ERROR</string>
				<key>CLANG_WARN_UNREACHABLE_CODE</key>
				<string>YES</string>
				<key>CLANG_WARN__DUPLICATE_METHOD_MATCH</key>
				<string>YES</string>
				<key>CODE_SIGN_IDENTITY[sdk=iphoneos*]</key>
				<string>iPhone Developer</string>
				<key>COPY_PHASE_STRIP</key>
				<string>NO</string>
				<key>DEBUG_INFORMATION_FORMAT</key>
				<string>dwarf</string>
				<key>ENABLE_STRICT_OBJC_MSGSEND</key>
				<string>YES</string>
				<key>ENABLE_TESTABILITY</key>
				<string>YES</string>
				<key>GCC_C_LANGUAGE_STANDARD</key>
				<string>gnu99</string>
				<key>GCC_DYNAMIC_NO_PIC</key>
				<string>NO</string>
				<key>GCC_NO_COMMON_BLOCKS</key>
				<string>YES</string>
				<key>GCC_OPTIMIZATION_LEVEL</key>
				<string>0</string>
				<key>GCC_PREPROCESSOR_DEFINITIONS</key>
				<array>
					<string>DEBUG=1</string>
					<string>$(inherited)</string>
				</array>
				<key>GCC_WARN_64_TO_32_BIT_CONVERSION</key>
				<string>YES</string>
				<key>GCC_WARN_ABOUT_RETURN_TYPE</key>
				<string>YES_ERROR</string>
				<key>GCC_WARN_UNDECLARED_SELECTOR</key>
				<string>YES</string>
				<key>GCC_WARN_UNINITIALIZED_AUTOS</key>
				<string>YES_AGGRESSIVE</string>
				<key>GCC_WARN_UNUSED_FUNCTION</key>
				<string>YES</string>
				<key>GCC_WARN_UNUSED_VARIABLE</key>
				<string>YES</string>
				<key>IPHONEOS_DEPLOYMENT_TARGET</key>
				<string>9.0</string>
				<key>MTL_ENABLE_DEBUG_INFO</key>
				<string>YES</string>
				<key>ONLY_ACTIVE_ARCH</key>
				<string>YES</string>
				<key>SDKROOT</key>
				<string>iphoneos</string>
			</dict>
			<key>isa</key>
			<string>XCBuildConfiguration</string>
			<key>name</key>
			<string>Debug</string>
		</dict>
		<key>F48015E71BCB854D0065ABA3</key>
		<dict>
			<key>buildSettings</key>
			<dict>
				<key>ALWAYS_SEARCH_USER_PATHS</key>
				<string>NO</string>
				<key>CLANG_CXX_LANGUAGE_STANDARD</key>
				<string>gnu++0x</string>
				<key>CLANG_CXX_LIBRARY</key>
				<string>libc++</string>
				<key>CLANG_ENABLE_MODULES</key>
				<string>YES</string>
				<key>CLANG_ENABLE_OBJC_ARC</key>
				<string>YES</string>
				<key>CLANG_WARN_BOOL_CONVERSION</key>
				<string>YES</string>
				<key>CLANG_WARN_CONSTANT_CONVERSION</key>
				<string>YES</string>
				<key>CLANG_WARN_DIRECT_OBJC_ISA_USAGE</key>
				<string>YES_ERROR</string>
				<key>CLANG_WARN_EMPTY_BODY</key>
				<string>YES</string>
				<key>CLANG_WARN_ENUM_CONVERSION</key>
				<string>YES</string>
				<key>CLANG_WARN_INT_CONVERSION</key>
				<string>YES</string>
				<key>CLANG_WARN_OBJC_ROOT_CLASS</key>
				<string>YES_ERROR</string>
				<key>CLANG_WARN_UNREACHABLE_CODE</key>
				<string>YES</string>
				<key>CLANG_WARN__DUPLICATE_METHOD_MATCH</key>
				<string>YES</string>
				<key>CODE_SIGN_IDENTITY[sdk=iphoneos*]</key>
				<string>iPhone Developer</string>
				<key>COPY_PHASE_STRIP</key>
				<string>NO</string>
				<key>DEBUG_INFORMATION_FORMAT</key>
				<string>dwarf-with-dsym</string>
				<key>ENABLE_NS_ASSERTIONS</key>
				<string>NO</string>
				<key>ENABLE_STRICT_OBJC_MSGSEND</key>
				<string>YES</string>
				<key>GCC_C_LANGUAGE_STANDARD</key>
				<string>gnu99</string>
				<key>GCC_NO_COMMON_BLOCKS</key>
				<string>YES</string>
				<key>GCC_WARN_64_TO_32_BIT_CONVERSION</key>
				<string>YES</string>
				<key>GCC_WARN_ABOUT_RETURN_TYPE</key>
				<string>YES_ERROR</string>
				<key>GCC_WARN_UNDECLARED_SELECTOR</key>
				<string>YES</string>
				<key>GCC_WARN_UNINITIALIZED_AUTOS</key>
				<string>YES_AGGRESSIVE</string>
				<key>GCC_WARN_UNUSED_FUNCTION</key>
				<string>YES</string>
				<key>GCC_WARN_UNUSED_VARIABLE</key>
				<string>YES</string>
				<key>IPHONEOS_DEPLOYMENT_TARGET</key>
				<string>9.0</string>
				<key>MTL_ENABLE_DEBUG_INFO</key>
				<string>NO</string>
				<key>SDKROOT</key>
				<string>iphoneos</string>
				<key>VALIDATE_PRODUCT</key>
				<string>YES</string>
			</dict>
			<key>isa</key>
			<string>XCBuildConfiguration</string>
			<key>name</key>
			<string>Release</string>
		</dict>
		<key>F48015E81BCB854D0065ABA3</key>
		<dict>
			<key>buildConfigurations</key>
			<array>
				<string>F48015E91BCB854D0065ABA3</string>
				<string>F48015EA1BCB854D0065ABA3</string>
			</array>
			<key>defaultConfigurationIsVisible</key>
			<string>0</string>
			<key>defaultConfigurationName</key>
			<string>Release</string>
			<key>isa</key>
			<string>XCConfigurationList</string>
		</dict>
		<key>F48015E91BCB854D0065ABA3</key>
		<dict>
			<key>baseConfigurationReference</key>
			<string>18B74DF060E1B6CD1F699BD3</string>
			<key>buildSettings</key>
			<dict>
				<key>ASSETCATALOG_COMPILER_APPICON_NAME</key>
				<string>AppIcon</string>
				<key>FRAMEWORK_SEARCH_PATHS</key>
				<array>
					<string>$(inherited)</string>
					<string>$(PROJECT_DIR)/build/Debug-iphoneos</string>
				</array>
				<key>GCC_PRECOMPILE_PREFIX_HEADER</key>
				<string>YES</string>
				<key>GCC_PREFIX_HEADER</key>
				<string>$(SRCROOT)/ReactiveCocoaDemo/Config/PrefixHeader.pch</string>
				<key>HEADER_SEARCH_PATHS</key>
				<string>$(inherited)</string>
				<key>INFOPLIST_FILE</key>
				<string>ReactiveCocoaDemo/Info.plist</string>
				<key>IPHONEOS_DEPLOYMENT_TARGET</key>
				<string>8.0</string>
				<key>LD_RUNPATH_SEARCH_PATHS</key>
				<string>$(inherited) @executable_path/Frameworks</string>
				<key>LIBRARY_SEARCH_PATHS</key>
				<array>
					<string>$(inherited)</string>
					<string>$(PROJECT_DIR)/build/Debug-iphoneos</string>
				</array>
				<key>OTHER_LDFLAGS</key>
				<string>-ObjC</string>
				<key>PRODUCT_BUNDLE_IDENTIFIER</key>
				<string>ZeluLi.ReactiveCocoaDemo</string>
				<key>PRODUCT_NAME</key>
				<string>$(TARGET_NAME)</string>
				<key>SDKROOT</key>
				<string>iphoneos</string>
			</dict>
			<key>isa</key>
			<string>XCBuildConfiguration</string>
			<key>name</key>
			<string>Debug</string>
		</dict>
		<key>F48015EA1BCB854D0065ABA3</key>
		<dict>
			<key>baseConfigurationReference</key>
			<string>57521ECE694FEC9DCFD8BCCF</string>
			<key>buildSettings</key>
			<dict>
				<key>ASSETCATALOG_COMPILER_APPICON_NAME</key>
				<string>AppIcon</string>
				<key>FRAMEWORK_SEARCH_PATHS</key>
				<array>
					<string>$(inherited)</string>
					<string>$(PROJECT_DIR)/build/Debug-iphoneos</string>
				</array>
				<key>GCC_PRECOMPILE_PREFIX_HEADER</key>
				<string>YES</string>
				<key>GCC_PREFIX_HEADER</key>
				<string>$(SRCROOT)/ReactiveCocoaDemo/Config/PrefixHeader.pch</string>
				<key>HEADER_SEARCH_PATHS</key>
				<string>$(inherited)</string>
				<key>INFOPLIST_FILE</key>
				<string>ReactiveCocoaDemo/Info.plist</string>
				<key>IPHONEOS_DEPLOYMENT_TARGET</key>
				<string>8.0</string>
				<key>LD_RUNPATH_SEARCH_PATHS</key>
				<string>$(inherited) @executable_path/Frameworks</string>
				<key>LIBRARY_SEARCH_PATHS</key>
				<array>
					<string>$(inherited)</string>
					<string>$(PROJECT_DIR)/build/Debug-iphoneos</string>
				</array>
				<key>OTHER_LDFLAGS</key>
				<string>-ObjC</string>
				<key>PRODUCT_BUNDLE_IDENTIFIER</key>
				<string>ZeluLi.ReactiveCocoaDemo</string>
				<key>PRODUCT_NAME</key>
				<string>$(TARGET_NAME)</string>
				<key>SDKROOT</key>
				<string>iphoneos</string>
			</dict>
			<key>isa</key>
			<string>XCBuildConfiguration</string>
			<key>name</key>
			<string>Release</string>
		</dict>
		<key>F48015EB1BCB854D0065ABA3</key>
		<dict>
			<key>buildConfigurations</key>
			<array>
				<string>F48015EC1BCB854D0065ABA3</string>
				<string>F48015ED1BCB854D0065ABA3</string>
			</array>
			<key>defaultConfigurationIsVisible</key>
			<string>0</string>
			<key>defaultConfigurationName</key>
			<string>Release</string>
			<key>isa</key>
			<string>XCConfigurationList</string>
		</dict>
		<key>F48015EC1BCB854D0065ABA3</key>
		<dict>
			<key>buildSettings</key>
			<dict>
				<key>BUNDLE_LOADER</key>
				<string>$(TEST_HOST)</string>
				<key>INFOPLIST_FILE</key>
				<string>ReactiveCocoaDemoTests/Info.plist</string>
				<key>LD_RUNPATH_SEARCH_PATHS</key>
				<string>$(inherited) @executable_path/Frameworks @loader_path/Frameworks</string>
				<key>PRODUCT_BUNDLE_IDENTIFIER</key>
				<string>ZeluLi.ReactiveCocoaDemoTests</string>
				<key>PRODUCT_NAME</key>
				<string>$(TARGET_NAME)</string>
				<key>TEST_HOST</key>
				<string>$(BUILT_PRODUCTS_DIR)/ReactiveCocoaDemo.app/ReactiveCocoaDemo</string>
			</dict>
			<key>isa</key>
			<string>XCBuildConfiguration</string>
			<key>name</key>
			<string>Debug</string>
		</dict>
		<key>F48015ED1BCB854D0065ABA3</key>
		<dict>
			<key>buildSettings</key>
			<dict>
				<key>BUNDLE_LOADER</key>
				<string>$(TEST_HOST)</string>
				<key>INFOPLIST_FILE</key>
				<string>ReactiveCocoaDemoTests/Info.plist</string>
				<key>LD_RUNPATH_SEARCH_PATHS</key>
				<string>$(inherited) @executable_path/Frameworks @loader_path/Frameworks</string>
				<key>PRODUCT_BUNDLE_IDENTIFIER</key>
				<string>ZeluLi.ReactiveCocoaDemoTests</string>
				<key>PRODUCT_NAME</key>
				<string>$(TARGET_NAME)</string>
				<key>TEST_HOST</key>
				<string>$(BUILT_PRODUCTS_DIR)/ReactiveCocoaDemo.app/ReactiveCocoaDemo</string>
			</dict>
			<key>isa</key>
			<string>XCBuildConfiguration</string>
			<key>name</key>
			<string>Release</string>
		</dict>
		<key>F48015EE1BCB854D0065ABA3</key>
		<dict>
			<key>buildConfigurations</key>
			<array>
				<string>F48015EF1BCB854D0065ABA3</string>
				<string>F48015F01BCB854D0065ABA3</string>
			</array>
			<key>defaultConfigurationIsVisible</key>
			<string>0</string>
			<key>defaultConfigurationName</key>
			<string>Release</string>
			<key>isa</key>
			<string>XCConfigurationList</string>
		</dict>
		<key>F48015EF1BCB854D0065ABA3</key>
		<dict>
			<key>buildSettings</key>
			<dict>
				<key>INFOPLIST_FILE</key>
				<string>ReactiveCocoaDemoUITests/Info.plist</string>
				<key>LD_RUNPATH_SEARCH_PATHS</key>
				<string>$(inherited) @executable_path/Frameworks @loader_path/Frameworks</string>
				<key>PRODUCT_BUNDLE_IDENTIFIER</key>
				<string>ZeluLi.ReactiveCocoaDemoUITests</string>
				<key>PRODUCT_NAME</key>
				<string>$(TARGET_NAME)</string>
				<key>TEST_TARGET_NAME</key>
				<string>ReactiveCocoaDemo</string>
				<key>USES_XCTRUNNER</key>
				<string>YES</string>
			</dict>
			<key>isa</key>
			<string>XCBuildConfiguration</string>
			<key>name</key>
			<string>Debug</string>
		</dict>
		<key>F48015F01BCB854D0065ABA3</key>
		<dict>
			<key>buildSettings</key>
			<dict>
				<key>INFOPLIST_FILE</key>
				<string>ReactiveCocoaDemoUITests/Info.plist</string>
				<key>LD_RUNPATH_SEARCH_PATHS</key>
				<string>$(inherited) @executable_path/Frameworks @loader_path/Frameworks</string>
				<key>PRODUCT_BUNDLE_IDENTIFIER</key>
				<string>ZeluLi.ReactiveCocoaDemoUITests</string>
				<key>PRODUCT_NAME</key>
				<string>$(TARGET_NAME)</string>
				<key>TEST_TARGET_NAME</key>
				<string>ReactiveCocoaDemo</string>
				<key>USES_XCTRUNNER</key>
				<string>YES</string>
			</dict>
			<key>isa</key>
			<string>XCBuildConfiguration</string>
			<key>name</key>
			<string>Release</string>
		</dict>
		<key>F4CB29711BCB97FB0031CA4E</key>
		<dict>
			<key>isa</key>
			<string>PBXFileReference</string>
			<key>lastKnownFileType</key>
			<string>wrapper.framework</string>
			<key>name</key>
			<string>ReactiveCocoa.framework</string>
			<key>path</key>
			<string>Pods/../build/Debug-iphoneos/ReactiveCocoa.framework</string>
			<key>sourceTree</key>
			<string>&lt;group&gt;</string>
		</dict>
		<key>F4CB29731BCB99930031CA4E</key>
		<dict>
			<key>isa</key>
			<string>PBXFileReference</string>
			<key>lastKnownFileType</key>
			<string>wrapper.framework</string>
			<key>name</key>
			<string>Box.framework</string>
			<key>path</key>
			<string>Pods/../build/Debug-iphoneos/Box.framework</string>
			<key>sourceTree</key>
			<string>&lt;group&gt;</string>
		</dict>
		<key>F4CB29751BCB99970031CA4E</key>
		<dict>
			<key>isa</key>
			<string>PBXFileReference</string>
			<key>lastKnownFileType</key>
			<string>wrapper.framework</string>
			<key>name</key>
			<string>Result.framework</string>
			<key>path</key>
			<string>Pods/../build/Debug-iphoneos/Result.framework</string>
			<key>sourceTree</key>
			<string>&lt;group&gt;</string>
		</dict>
		<key>F4CE1F261BEC55E6009475C5</key>
		<dict>
			<key>children</key>
			<array>
				<string>F4CE1F271BEC5ABE009475C5</string>
				<string>F4CE1F281BEC5ABE009475C5</string>
			</array>
			<key>isa</key>
			<string>PBXGroup</string>
			<key>name</key>
			<string>Image</string>
			<key>sourceTree</key>
			<string>&lt;group&gt;</string>
		</dict>
		<key>F4CE1F271BEC5ABE009475C5</key>
		<dict>
			<key>isa</key>
			<string>PBXFileReference</string>
			<key>lastKnownFileType</key>
			<string>image.png</string>
			<key>path</key>
			<string>001.png</string>
			<key>sourceTree</key>
			<string>&lt;group&gt;</string>
		</dict>
		<key>F4CE1F281BEC5ABE009475C5</key>
		<dict>
			<key>isa</key>
			<string>PBXFileReference</string>
			<key>lastKnownFileType</key>
			<string>image.png</string>
			<key>path</key>
			<string>003.png</string>
			<key>sourceTree</key>
			<string>&lt;group&gt;</string>
		</dict>
		<key>F4CE1F291BEC5ABE009475C5</key>
		<dict>
			<key>fileRef</key>
			<string>F4CE1F271BEC5ABE009475C5</string>
			<key>isa</key>
			<string>PBXBuildFile</string>
		</dict>
		<key>F4CE1F2A1BEC5ABE009475C5</key>
		<dict>
			<key>fileRef</key>
			<string>F4CE1F281BEC5ABE009475C5</string>
			<key>isa</key>
			<string>PBXBuildFile</string>
		</dict>
		<key>F4CE1F2B1BEC6141009475C5</key>
		<dict>
			<key>fileEncoding</key>
			<string>4</string>
			<key>isa</key>
			<string>PBXFileReference</string>
			<key>lastKnownFileType</key>
			<string>sourcecode.c.h</string>
			<key>path</key>
			<string>LoginSuccessViewController.h</string>
			<key>sourceTree</key>
			<string>&lt;group&gt;</string>
		</dict>
		<key>F4CE1F2C1BEC6141009475C5</key>
		<dict>
			<key>fileEncoding</key>
			<string>4</string>
			<key>isa</key>
			<string>PBXFileReference</string>
			<key>lastKnownFileType</key>
			<string>sourcecode.c.objc</string>
			<key>path</key>
			<string>LoginSuccessViewController.m</string>
			<key>sourceTree</key>
			<string>&lt;group&gt;</string>
		</dict>
		<key>F4CE1F2D1BEC6141009475C5</key>
		<dict>
			<key>fileRef</key>
			<string>F4CE1F2C1BEC6141009475C5</string>
			<key>isa</key>
			<string>PBXBuildFile</string>
		</dict>
	</dict>
	<key>rootObject</key>
	<string>F48015B31BCB854D0065ABA3</string>
</dict>
</plist>
